
Microsoft Visual Studio Solution File, Format Version 12.00
# Visual Studio Version 16
VisualStudioVersion = 16.0.32901.82
MinimumVisualStudioVersion = 10.0.40219.1
Project("{FAE04EC0-301F-11D3-BF4B-00C04F79EFBC}") = "CSharpIntroductionApp", "CSharpIntroductionApp\CSharpIntroductionApp.csproj", "{1462269C-F54E-414B-84EF-13BF4C4B108A}"
EndProject
Global
	GlobalSection(SolutionConfigurationPlatforms) = preSolution
		Debug|Any CPU = Debug|Any CPU
		Release|Any CPU = Release|Any CPU
	EndGlobalSection
	GlobalSection(ProjectConfigurationPlatforms) = postSolution
		{1462269C-F54E-414B-84EF-13BF4C4B108A}.Debug|Any CPU.ActiveCfg = Debug|Any CPU
		{1462269C-F54E-414B-84EF-13BF4C4B108A}.Debug|Any CPU.Build.0 = Debug|Any CPU
		{1462269C-F54E-414B-84EF-13BF4C4B108A}.Release|Any CPU.ActiveCfg = Release|Any CPU
		{1462269C-F54E-414B-84EF-13BF4C4B108A}.Release|Any CPU.Build.0 = Release|Any CPU
	EndGlobalSection
	GlobalSection(SolutionProperties) = preSolution
		HideSolutionNode = FALSE
	EndGlobalSection
	GlobalSection(ExtensibilityGlobals) = postSolution
		SolutionGuid = {90BD69AE-D242-4D42-8B8C-C6B50CBCA2F5}
	EndGlobalSection
EndGlobal
