
Microsoft Visual Studio Solution File, Format Version 12.00
# Visual Studio Version 16
VisualStudioVersion = 16.0.32901.82
MinimumVisualStudioVersion = 10.0.40219.1
Project("{FAE04EC0-301F-11D3-BF4B-00C04F79EFBC}") = "unitTestLessonApp", "unitTestLessonApp\unitTestLessonApp.csproj", "{DDBB07DB-A74A-422E-A789-950378D0203B}"
EndProject
Project("{FAE04EC0-301F-11D3-BF4B-00C04F79EFBC}") = "UnitTestLessonTests", "UnitTestLessonTests\UnitTestLessonTests.csproj", "{45D3E065-61E7-4510-A474-1792BB98C8B2}"
EndProject
Global
	GlobalSection(SolutionConfigurationPlatforms) = preSolution
		Debug|Any CPU = Debug|Any CPU
		Release|Any CPU = Release|Any CPU
	EndGlobalSection
	GlobalSection(ProjectConfigurationPlatforms) = postSolution
		{DDBB07DB-A74A-422E-A789-950378D0203B}.Debug|Any CPU.ActiveCfg = Debug|Any CPU
		{DDBB07DB-A74A-422E-A789-950378D0203B}.Debug|Any CPU.Build.0 = Debug|Any CPU
		{DDBB07DB-A74A-422E-A789-950378D0203B}.Release|Any CPU.ActiveCfg = Release|Any CPU
		{DDBB07DB-A74A-422E-A789-950378D0203B}.Release|Any CPU.Build.0 = Release|Any CPU
		{45D3E065-61E7-4510-A474-1792BB98C8B2}.Debug|Any CPU.ActiveCfg = Debug|Any CPU
		{45D3E065-61E7-4510-A474-1792BB98C8B2}.Debug|Any CPU.Build.0 = Debug|Any CPU
		{45D3E065-61E7-4510-A474-1792BB98C8B2}.Release|Any CPU.ActiveCfg = Release|Any CPU
		{45D3E065-61E7-4510-A474-1792BB98C8B2}.Release|Any CPU.Build.0 = Release|Any CPU
	EndGlobalSection
	GlobalSection(SolutionProperties) = preSolution
		HideSolutionNode = FALSE
	EndGlobalSection
	GlobalSection(ExtensibilityGlobals) = postSolution
		SolutionGuid = {8572ECD6-2218-4812-9459-DB7925850392}
	EndGlobalSection
EndGlobal
